
Microsoft Visual Studio Solution File, Format Version 12.00
# Visual Studio Version 17
VisualStudioVersion = 17.13.35828.75 d17.13
MinimumVisualStudioVersion = 10.0.40219.1
Project("{8BC9CEB8-8B4A-11D0-8D11-00A0C91BC942}") = "lab_6", "lab_6.vcxproj", "{FAC4E619-EDFF-4077-B9A8-01122F80CD14}"
EndProject
Global
	GlobalSection(SolutionConfigurationPlatforms) = preSolution
		Debug|x64 = Debug|x64
		Debug|x86 = Debug|x86
		Release|x64 = Release|x64
		Release|x86 = Release|x86
	EndGlobalSection
	GlobalSection(ProjectConfigurationPlatforms) = postSolution
		{FAC4E619-EDFF-4077-B9A8-01122F80CD14}.Debug|x64.ActiveCfg = Debug|x64
		{FAC4E619-EDFF-4077-B9A8-01122F80CD14}.Debug|x64.Build.0 = Debug|x64
		{FAC4E619-EDFF-4077-B9A8-01122F80CD14}.Debug|x86.ActiveCfg = Debug|Win32
		{FAC4E619-EDFF-4077-B9A8-01122F80CD14}.Debug|x86.Build.0 = Debug|Win32
		{FAC4E619-EDFF-4077-B9A8-01122F80CD14}.Release|x64.ActiveCfg = Release|x64
		{FAC4E619-EDFF-4077-B9A8-01122F80CD14}.Release|x64.Build.0 = Release|x64
		{FAC4E619-EDFF-4077-B9A8-01122F80CD14}.Release|x86.ActiveCfg = Release|Win32
		{FAC4E619-EDFF-4077-B9A8-01122F80CD14}.Release|x86.Build.0 = Release|Win32
	EndGlobalSection
	GlobalSection(SolutionProperties) = preSolution
		HideSolutionNode = FALSE
	EndGlobalSection
	GlobalSection(ExtensibilityGlobals) = postSolution
		SolutionGuid = {AE4B2A09-C69E-4A39-9591-DCB799B8A32A}
	EndGlobalSection
EndGlobal
